
Microsoft Visual Studio Solution File, Format Version 12.00
# Visual Studio Version 17
VisualStudioVersion = 17.14.36518.9
MinimumVisualStudioVersion = 10.0.40219.1
Project("{FAE04EC0-301F-11D3-BF4B-00C04F79EFBC}") = "Quiz 3", "Quiz 3\Quiz 3.csproj", "{12E32FF9-E579-4923-A66E-80EAE2D00BEE}"
EndProject
Project("{2150E333-8FDC-42A3-9474-1A3956D46DE8}") = "Элементы решения", "Элементы решения", "{754FC069-D67B-A9D7-50A1-8D1CA196D8F1}"
	ProjectSection(SolutionItems) = preProject
		Quiz 3\bin\Debug\net9.0\Quiz3.xlsx = Quiz 3\bin\Debug\net9.0\Quiz3.xlsx
	EndProjectSection
EndProject
Global
	GlobalSection(SolutionConfigurationPlatforms) = preSolution
		Debug|Any CPU = Debug|Any CPU
		Release|Any CPU = Release|Any CPU
	EndGlobalSection
	GlobalSection(ProjectConfigurationPlatforms) = postSolution
		{12E32FF9-E579-4923-A66E-80EAE2D00BEE}.Debug|Any CPU.ActiveCfg = Debug|Any CPU
		{12E32FF9-E579-4923-A66E-80EAE2D00BEE}.Debug|Any CPU.Build.0 = Debug|Any CPU
		{12E32FF9-E579-4923-A66E-80EAE2D00BEE}.Release|Any CPU.ActiveCfg = Release|Any CPU
		{12E32FF9-E579-4923-A66E-80EAE2D00BEE}.Release|Any CPU.Build.0 = Release|Any CPU
	EndGlobalSection
	GlobalSection(SolutionProperties) = preSolution
		HideSolutionNode = FALSE
	EndGlobalSection
	GlobalSection(ExtensibilityGlobals) = postSolution
		SolutionGuid = {62C3A151-AE2D-4C29-8879-FC1D32572ED9}
	EndGlobalSection
EndGlobal
